
Microsoft Visual Studio Solution File, Format Version 12.00
# Visual Studio 15
VisualStudioVersion = 15.0.28307.168
MinimumVisualStudioVersion = 10.0.40219.1
Project("{FAE04EC0-301F-11D3-BF4B-00C04F79EFBC}") = "Web-site-by-prinj", "Web-site-by-prinj\Web-site-by-prinj.csproj", "{07F8625F-3A7E-403B-820E-1131F650F639}"
EndProject
Global
	GlobalSection(SolutionConfigurationPlatforms) = preSolution
		Debug|Any CPU = Debug|Any CPU
		Release|Any CPU = Release|Any CPU
	EndGlobalSection
	GlobalSection(ProjectConfigurationPlatforms) = postSolution
		{07F8625F-3A7E-403B-820E-1131F650F639}.Debug|Any CPU.ActiveCfg = Debug|Any CPU
		{07F8625F-3A7E-403B-820E-1131F650F639}.Debug|Any CPU.Build.0 = Debug|Any CPU
		{07F8625F-3A7E-403B-820E-1131F650F639}.Release|Any CPU.ActiveCfg = Release|Any CPU
		{07F8625F-3A7E-403B-820E-1131F650F639}.Release|Any CPU.Build.0 = Release|Any CPU
	EndGlobalSection
	GlobalSection(SolutionProperties) = preSolution
		HideSolutionNode = FALSE
	EndGlobalSection
	GlobalSection(ExtensibilityGlobals) = postSolution
		SolutionGuid = {CBFF1959-7106-4848-B6F7-D497B54A06C9}
	EndGlobalSection
EndGlobal
